// !$*UTF8*$!
{
	archiveVersion = 1;
	classes = {
	};
	objectVersion = 56;
	objects = {

/* Begin PBXBuildFile section */
		B571085029A0AC5C003698C8 /* AppDelegate.swift in Sources */ = {isa = PBXBuildFile; fileRef = B571084F29A0AC5C003698C8 /* AppDelegate.swift */; };
		B571085229A0AC5C003698C8 /* SceneDelegate.swift in Sources */ = {isa = PBXBuildFile; fileRef = B571085129A0AC5C003698C8 /* SceneDelegate.swift */; };
		B571085429A0AC5C003698C8 /* VKServicesViewController.swift in Sources */ = {isa = PBXBuildFile; fileRef = B571085329A0AC5C003698C8 /* VKServicesViewController.swift */; };
		B571085929A0AC5D003698C8 /* Assets.xcassets in Resources */ = {isa = PBXBuildFile; fileRef = B571085829A0AC5D003698C8 /* Assets.xcassets */; };
		B571085C29A0AC5D003698C8 /* LaunchScreen.storyboard in Resources */ = {isa = PBXBuildFile; fileRef = B571085A29A0AC5D003698C8 /* LaunchScreen.storyboard */; };
		B571086629A0ADBD003698C8 /* APIManager.swift in Sources */ = {isa = PBXBuildFile; fileRef = B571086529A0ADBD003698C8 /* APIManager.swift */; };
		B571086929A0AFAD003698C8 /* ServiceItem.swift in Sources */ = {isa = PBXBuildFile; fileRef = B571086829A0AFAD003698C8 /* ServiceItem.swift */; };
		B571086C29A0B0E5003698C8 /* ServiceTableViewCell.swift in Sources */ = {isa = PBXBuildFile; fileRef = B571086B29A0B0E5003698C8 /* ServiceTableViewCell.swift */; };
		B571087029A0B299003698C8 /* UIImageViewURL.swift in Sources */ = {isa = PBXBuildFile; fileRef = B571086F29A0B299003698C8 /* UIImageViewURL.swift */; };
/* End PBXBuildFile section */

/* Begin PBXFileReference section */
		B571084C29A0AC5C003698C8 /* VKServicesList.app */ = {isa = PBXFileReference; explicitFileType = wrapper.application; includeInIndex = 0; path = VKServicesList.app; sourceTree = BUILT_PRODUCTS_DIR; };
		B571084F29A0AC5C003698C8 /* AppDelegate.swift */ = {isa = PBXFileReference; lastKnownFileType = sourcecode.swift; path = AppDelegate.swift; sourceTree = "<group>"; };
		B571085129A0AC5C003698C8 /* SceneDelegate.swift */ = {isa = PBXFileReference; lastKnownFileType = sourcecode.swift; path = SceneDelegate.swift; sourceTree = "<group>"; };
		B571085329A0AC5C003698C8 /* VKServicesViewController.swift */ = {isa = PBXFileReference; lastKnownFileType = sourcecode.swift; path = VKServicesViewController.swift; sourceTree = "<group>"; };
		B571085829A0AC5D003698C8 /* Assets.xcassets */ = {isa = PBXFileReference; lastKnownFileType = folder.assetcatalog; path = Assets.xcassets; sourceTree = "<group>"; };
		B571085B29A0AC5D003698C8 /* Base */ = {isa = PBXFileReference; lastKnownFileType = file.storyboard; name = Base; path = Base.lproj/LaunchScreen.storyboard; sourceTree = "<group>"; };
		B571085D29A0AC5D003698C8 /* Info.plist */ = {isa = PBXFileReference; lastKnownFileType = text.plist.xml; path = Info.plist; sourceTree = "<group>"; };
		B571086529A0ADBD003698C8 /* APIManager.swift */ = {isa = PBXFileReference; lastKnownFileType = sourcecode.swift; path = APIManager.swift; sourceTree = "<group>"; };
		B571086829A0AFAD003698C8 /* ServiceItem.swift */ = {isa = PBXFileReference; lastKnownFileType = sourcecode.swift; path = ServiceItem.swift; sourceTree = "<group>"; };
		B571086B29A0B0E5003698C8 /* ServiceTableViewCell.swift */ = {isa = PBXFileReference; lastKnownFileType = sourcecode.swift; path = ServiceTableViewCell.swift; sourceTree = "<group>"; };
		B571086F29A0B299003698C8 /* UIImageViewURL.swift */ = {isa = PBXFileReference; lastKnownFileType = sourcecode.swift; path = UIImageViewURL.swift; sourceTree = "<group>"; };
/* End PBXFileReference section */

/* Begin PBXFrameworksBuildPhase section */
		B571084929A0AC5C003698C8 /* Frameworks */ = {
			isa = PBXFrameworksBuildPhase;
			buildActionMask = 2147483647;
			files = (
			);
			runOnlyForDeploymentPostprocessing = 0;
		};
/* End PBXFrameworksBuildPhase section */

/* Begin PBXGroup section */
		B571084329A0AC5C003698C8 = {
			isa = PBXGroup;
			children = (
				B571084E29A0AC5C003698C8 /* VKServicesList */,
				B571084D29A0AC5C003698C8 /* Products */,
			);
			sourceTree = "<group>";
		};
		B571084D29A0AC5C003698C8 /* Products */ = {
			isa = PBXGroup;
			children = (
				B571084C29A0AC5C003698C8 /* VKServicesList.app */,
			);
			name = Products;
			sourceTree = "<group>";
		};
		B571084E29A0AC5C003698C8 /* VKServicesList */ = {
			isa = PBXGroup;
			children = (
				B571086329A0AD01003698C8 /* App */,
				B571086729A0ADC0003698C8 /* API */,
				B571087129A0B29C003698C8 /* Subclass */,
				B571086429A0AD05003698C8 /* Main */,
				B571086A29A0AFAF003698C8 /* Model */,
			);
			path = VKServicesList;
			sourceTree = "<group>";
		};
		B571086329A0AD01003698C8 /* App */ = {
			isa = PBXGroup;
			children = (
				B571084F29A0AC5C003698C8 /* AppDelegate.swift */,
				B571085129A0AC5C003698C8 /* SceneDelegate.swift */,
				B571085829A0AC5D003698C8 /* Assets.xcassets */,
				B571085A29A0AC5D003698C8 /* LaunchScreen.storyboard */,
				B571085D29A0AC5D003698C8 /* Info.plist */,
			);
			path = App;
			sourceTree = "<group>";
		};
		B571086429A0AD05003698C8 /* Main */ = {
			isa = PBXGroup;
			children = (
				B571086E29A0B0EB003698C8 /* Controller */,
				B571086D29A0B0E7003698C8 /* Cell */,
			);
			path = Main;
			sourceTree = "<group>";
		};
		B571086729A0ADC0003698C8 /* API */ = {
			isa = PBXGroup;
			children = (
				B571086529A0ADBD003698C8 /* APIManager.swift */,
			);
			path = API;
			sourceTree = "<group>";
		};
		B571086A29A0AFAF003698C8 /* Model */ = {
			isa = PBXGroup;
			children = (
				B571086829A0AFAD003698C8 /* ServiceItem.swift */,
			);
			path = Model;
			sourceTree = "<group>";
		};
		B571086D29A0B0E7003698C8 /* Cell */ = {
			isa = PBXGroup;
			children = (
				B571086B29A0B0E5003698C8 /* ServiceTableViewCell.swift */,
			);
			path = Cell;
			sourceTree = "<group>";
		};
		B571086E29A0B0EB003698C8 /* Controller */ = {
			isa = PBXGroup;
			children = (
				B571085329A0AC5C003698C8 /* VKServicesViewController.swift */,
			);
			path = Controller;
			sourceTree = "<group>";
		};
		B571087129A0B29C003698C8 /* Subclass */ = {
			isa = PBXGroup;
			children = (
				B571086F29A0B299003698C8 /* UIImageViewURL.swift */,
			);
			path = Subclass;
			sourceTree = "<group>";
		};
/* End PBXGroup section */

/* Begin PBXNativeTarget section */
		B571084B29A0AC5C003698C8 /* VKServicesList */ = {
			isa = PBXNativeTarget;
			buildConfigurationList = B571086029A0AC5D003698C8 /* Build configuration list for PBXNativeTarget "VKServicesList" */;
			buildPhases = (
				B571084829A0AC5C003698C8 /* Sources */,
				B571084929A0AC5C003698C8 /* Frameworks */,
				B571084A29A0AC5C003698C8 /* Resources */,
			);
			buildRules = (
			);
			dependencies = (
			);
			name = VKServicesList;
			productName = VKServicesList;
			productReference = B571084C29A0AC5C003698C8 /* VKServicesList.app */;
			productType = "com.apple.product-type.application";
		};
/* End PBXNativeTarget section */

/* Begin PBXProject section */
		B571084429A0AC5C003698C8 /* Project object */ = {
			isa = PBXProject;
			attributes = {
				BuildIndependentTargetsInParallel = 1;
				LastSwiftUpdateCheck = 1400;
				LastUpgradeCheck = 1400;
				TargetAttributes = {
					B571084B29A0AC5C003698C8 = {
						CreatedOnToolsVersion = 14.0.1;
					};
				};
			};
			buildConfigurationList = B571084729A0AC5C003698C8 /* Build configuration list for PBXProject "VKServicesList" */;
			compatibilityVersion = "Xcode 14.0";
			developmentRegion = en;
			hasScannedForEncodings = 0;
			knownRegions = (
				en,
				Base,
			);
			mainGroup = B571084329A0AC5C003698C8;
			productRefGroup = B571084D29A0AC5C003698C8 /* Products */;
			projectDirPath = "";
			projectRoot = "";
			targets = (
				B571084B29A0AC5C003698C8 /* VKServicesList */,
			);
		};
/* End PBXProject section */

/* Begin PBXResourcesBuildPhase section */
		B571084A29A0AC5C003698C8 /* Resources */ = {
			isa = PBXResourcesBuildPhase;
			buildActionMask = 2147483647;
			files = (
				B571085C29A0AC5D003698C8 /* LaunchScreen.storyboard in Resources */,
				B571085929A0AC5D003698C8 /* Assets.xcassets in Resources */,
			);
			runOnlyForDeploymentPostprocessing = 0;
		};
/* End PBXResourcesBuildPhase section */

/* Begin PBXSourcesBuildPhase section */
		B571084829A0AC5C003698C8 /* Sources */ = {
			isa = PBXSourcesBuildPhase;
			buildActionMask = 2147483647;
			files = (
				B571087029A0B299003698C8 /* UIImageViewURL.swift in Sources */,
				B571086629A0ADBD003698C8 /* APIManager.swift in Sources */,
				B571086C29A0B0E5003698C8 /* ServiceTableViewCell.swift in Sources */,
				B571085429A0AC5C003698C8 /* VKServicesViewController.swift in Sources */,
				B571086929A0AFAD003698C8 /* ServiceItem.swift in Sources */,
				B571085029A0AC5C003698C8 /* AppDelegate.swift in Sources */,
				B571085229A0AC5C003698C8 /* SceneDelegate.swift in Sources */,
			);
			runOnlyForDeploymentPostprocessing = 0;
		};
/* End PBXSourcesBuildPhase section */

/* Begin PBXVariantGroup section */
		B571085A29A0AC5D003698C8 /* LaunchScreen.storyboard */ = {
			isa = PBXVariantGroup;
			children = (
				B571085B29A0AC5D003698C8 /* Base */,
			);
			name = LaunchScreen.storyboard;
			sourceTree = "<group>";
		};
/* End PBXVariantGroup section */

/* Begin XCBuildConfiguration section */
		B571085E29A0AC5D003698C8 /* Debug */ = {
			isa = XCBuildConfiguration;
			buildSettings = {
				ALWAYS_SEARCH_USER_PATHS = NO;
				CLANG_ANALYZER_NONNULL = YES;
				CLANG_ANALYZER_NUMBER_OBJECT_CONVERSION = YES_AGGRESSIVE;
				CLANG_CXX_LANGUAGE_STANDARD = "gnu++20";
				CLANG_ENABLE_MODULES = YES;
				CLANG_ENABLE_OBJC_ARC = YES;
				CLANG_ENABLE_OBJC_WEAK = YES;
				CLANG_WARN_BLOCK_CAPTURE_AUTORELEASING = YES;
				CLANG_WARN_BOOL_CONVERSION = YES;
				CLANG_WARN_COMMA = YES;
				CLANG_WARN_CONSTANT_CONVERSION = YES;
				CLANG_WARN_DEPRECATED_OBJC_IMPLEMENTATIONS = YES;
				CLANG_WARN_DIRECT_OBJC_ISA_USAGE = YES_ERROR;
				CLANG_WARN_DOCUMENTATION_COMMENTS = YES;
				CLANG_WARN_EMPTY_BODY = YES;
				CLANG_WARN_ENUM_CONVERSION = YES;
				CLANG_WARN_INFINITE_RECURSION = YES;
				CLANG_WARN_INT_CONVERSION = YES;
				CLANG_WARN_NON_LITERAL_NULL_CONVERSION = YES;
				CLANG_WARN_OBJC_IMPLICIT_RETAIN_SELF = YES;
				CLANG_WARN_OBJC_LITERAL_CONVERSION = YES;
				CLANG_WARN_OBJC_ROOT_CLASS = YES_ERROR;
				CLANG_WARN_QUOTED_INCLUDE_IN_FRAMEWORK_HEADER = YES;
				CLANG_WARN_RANGE_LOOP_ANALYSIS = YES;
				CLANG_WARN_STRICT_PROTOTYPES = YES;
				CLANG_WARN_SUSPICIOUS_MOVE = YES;
				CLANG_WARN_UNGUARDED_AVAILABILITY = YES_AGGRESSIVE;
				CLANG_WARN_UNREACHABLE_CODE = YES;
				CLANG_WARN__DUPLICATE_METHOD_MATCH = YES;
				COPY_PHASE_STRIP = NO;
				DEBUG_INFORMATION_FORMAT = dwarf;
				ENABLE_STRICT_OBJC_MSGSEND = YES;
				ENABLE_TESTABILITY = YES;
				GCC_C_LANGUAGE_STANDARD = gnu11;
				GCC_DYNAMIC_NO_PIC = NO;
				GCC_NO_COMMON_BLOCKS = YES;
				GCC_OPTIMIZATION_LEVEL = 0;
				GCC_PREPROCESSOR_DEFINITIONS = (
					"DEBUG=1",
					"$(inherited)",
				);
				GCC_WARN_64_TO_32_BIT_CONVERSION = YES;
				GCC_WARN_ABOUT_RETURN_TYPE = YES_ERROR;
				GCC_WARN_UNDECLARED_SELECTOR = YES;
				GCC_WARN_UNINITIALIZED_AUTOS = YES_AGGRESSIVE;
				GCC_WARN_UNUSED_FUNCTION = YES;
				GCC_WARN_UNUSED_VARIABLE = YES;
				IPHONEOS_DEPLOYMENT_TARGET = 16.0;
				MTL_ENABLE_DEBUG_INFO = INCLUDE_SOURCE;
				MTL_FAST_MATH = YES;
				ONLY_ACTIVE_ARCH = YES;
				SDKROOT = iphoneos;
				SWIFT_ACTIVE_COMPILATION_CONDITIONS = DEBUG;
				SWIFT_OPTIMIZATION_LEVEL = "-Onone";
			};
			name = Debug;
		};
		B571085F29A0AC5D003698C8 /* Release */ = {
			isa = XCBuildConfiguration;
			buildSettings = {
				ALWAYS_SEARCH_USER_PATHS = NO;
				CLANG_ANALYZER_NONNULL = YES;
				CLANG_ANALYZER_NUMBER_OBJECT_CONVERSION = YES_AGGRESSIVE;
				CLANG_CXX_LANGUAGE_STANDARD = "gnu++20";
				CLANG_ENABLE_MODULES = YES;
				CLANG_ENABLE_OBJC_ARC = YES;
				CLANG_ENABLE_OBJC_WEAK = YES;
				CLANG_WARN_BLOCK_CAPTURE_AUTORELEASING = YES;
				CLANG_WARN_BOOL_CONVERSION = YES;
				CLANG_WARN_COMMA = YES;
				CLANG_WARN_CONSTANT_CONVERSION = YES;
				CLANG_WARN_DEPRECATED_OBJC_IMPLEMENTATIONS = YES;
				CLANG_WARN_DIRECT_OBJC_ISA_USAGE = YES_ERROR;
				CLANG_WARN_DOCUMENTATION_COMMENTS = YES;
				CLANG_WARN_EMPTY_BODY = YES;
				CLANG_WARN_ENUM_CONVERSION = YES;
				CLANG_WARN_INFINITE_RECURSION = YES;
				CLANG_WARN_INT_CONVERSION = YES;
				CLANG_WARN_NON_LITERAL_NULL_CONVERSION = YES;
				CLANG_WARN_OBJC_IMPLICIT_RETAIN_SELF = YES;
				CLANG_WARN_OBJC_LITERAL_CONVERSION = YES;
				CLANG_WARN_OBJC_ROOT_CLASS = YES_ERROR;
				CLANG_WARN_QUOTED_INCLUDE_IN_FRAMEWORK_HEADER = YES;
				CLANG_WARN_RANGE_LOOP_ANALYSIS = YES;
				CLANG_WARN_STRICT_PROTOTYPES = YES;
				CLANG_WARN_SUSPICIOUS_MOVE = YES;
				CLANG_WARN_UNGUARDED_AVAILABILITY = YES_AGGRESSIVE;
				CLANG_WARN_UNREACHABLE_CODE = YES;
				CLANG_WARN__DUPLICATE_METHOD_MATCH = YES;
				COPY_PHASE_STRIP = NO;
				DEBUG_INFORMATION_FORMAT = "dwarf-with-dsym";
				ENABLE_NS_ASSERTIONS = NO;
				ENABLE_STRICT_OBJC_MSGSEND = YES;
				GCC_C_LANGUAGE_STANDARD = gnu11;
				GCC_NO_COMMON_BLOCKS = YES;
				GCC_WARN_64_TO_32_BIT_CONVERSION = YES;
				GCC_WARN_ABOUT_RETURN_TYPE = YES_ERROR;
				GCC_WARN_UNDECLARED_SELECTOR = YES;
				GCC_WARN_UNINITIALIZED_AUTOS = YES_AGGRESSIVE;
				GCC_WARN_UNUSED_FUNCTION = YES;
				GCC_WARN_UNUSED_VARIABLE = YES;
				IPHONEOS_DEPLOYMENT_TARGET = 16.0;
				MTL_ENABLE_DEBUG_INFO = NO;
				MTL_FAST_MATH = YES;
				SDKROOT = iphoneos;
				SWIFT_COMPILATION_MODE = wholemodule;
				SWIFT_OPTIMIZATION_LEVEL = "-O";
				VALIDATE_PRODUCT = YES;
			};
			name = Release;
		};
		B571086129A0AC5D003698C8 /* Debug */ = {
			isa = XCBuildConfiguration;
			buildSettings = {
				ASSETCATALOG_COMPILER_APPICON_NAME = AppIcon;
				ASSETCATALOG_COMPILER_GLOBAL_ACCENT_COLOR_NAME = AccentColor;
				CODE_SIGN_STYLE = Automatic;
				CURRENT_PROJECT_VERSION = 1;
				DEVELOPMENT_TEAM = V352R4M2J4;
				GENERATE_INFOPLIST_FILE = YES;
				INFOPLIST_FILE = VKServicesList/App/Info.plist;
				INFOPLIST_KEY_UIApplicationSupportsIndirectInputEvents = YES;
				INFOPLIST_KEY_UILaunchStoryboardName = LaunchScreen;
				INFOPLIST_KEY_UISupportedInterfaceOrientations = UIInterfaceOrientationPortrait;
				INFOPLIST_KEY_UISupportedInterfaceOrientations_iPad = "UIInterfaceOrientationLandscapeLeft UIInterfaceOrientationLandscapeRight UIInterfaceOrientationPortrait UIInterfaceOrientationPortraitUpsideDown";
				IPHONEOS_DEPLOYMENT_TARGET = 15.0;
				LD_RUNPATH_SEARCH_PATHS = (
					"$(inherited)",
					"@executable_path/Frameworks",
				);
				MARKETING_VERSION = 1.0;
				PRODUCT_BUNDLE_IDENTIFIER = pavel.VKServicesList;
				PRODUCT_NAME = "$(TARGET_NAME)";
				SUPPORTED_PLATFORMS = "iphoneos iphonesimulator";
				SUPPORTS_MACCATALYST = NO;
				SUPPORTS_MAC_DESIGNED_FOR_IPHONE_IPAD = NO;
				SWIFT_EMIT_LOC_STRINGS = YES;
				SWIFT_VERSION = 5.0;
				TARGETED_DEVICE_FAMILY = 1;
			};
			name = Debug;
		};
		B571086229A0AC5D003698C8 /* Release */ = {
			isa = XCBuildConfiguration;
			buildSettings = {
				ASSETCATALOG_COMPILER_APPICON_NAME = AppIcon;
				ASSETCATALOG_COMPILER_GLOBAL_ACCENT_COLOR_NAME = AccentColor;
				CODE_SIGN_STYLE = Automatic;
				CURRENT_PROJECT_VERSION = 1;
				DEVELOPMENT_TEAM = V352R4M2J4;
				GENERATE_INFOPLIST_FILE = YES;
				INFOPLIST_FILE = VKServicesList/App/Info.plist;
				INFOPLIST_KEY_UIApplicationSupportsIndirectInputEvents = YES;
				INFOPLIST_KEY_UILaunchStoryboardName = LaunchScreen;
				INFOPLIST_KEY_UISupportedInterfaceOrientations = UIInterfaceOrientationPortrait;
				INFOPLIST_KEY_UISupportedInterfaceOrientations_iPad = "UIInterfaceOrientationLandscapeLeft UIInterfaceOrientationLandscapeRight UIInterfaceOrientationPortrait UIInterfaceOrientationPortraitUpsideDown";
				IPHONEOS_DEPLOYMENT_TARGET = 15.0;
				LD_RUNPATH_SEARCH_PATHS = (
					"$(inherited)",
					"@executable_path/Frameworks",
				);
				MARKETING_VERSION = 1.0;
				PRODUCT_BUNDLE_IDENTIFIER = pavel.VKServicesList;
				PRODUCT_NAME = "$(TARGET_NAME)";
				SUPPORTED_PLATFORMS = "iphoneos iphonesimulator";
				SUPPORTS_MACCATALYST = NO;
				SUPPORTS_MAC_DESIGNED_FOR_IPHONE_IPAD = NO;
				SWIFT_EMIT_LOC_STRINGS = YES;
				SWIFT_VERSION = 5.0;
				TARGETED_DEVICE_FAMILY = 1;
			};
			name = Release;
		};
/* End XCBuildConfiguration section */

/* Begin XCConfigurationList section */
		B571084729A0AC5C003698C8 /* Build configuration list for PBXProject "VKServicesList" */ = {
			isa = XCConfigurationList;
			buildConfigurations = (
				B571085E29A0AC5D003698C8 /* Debug */,
				B571085F29A0AC5D003698C8 /* Release */,
			);
			defaultConfigurationIsVisible = 0;
			defaultConfigurationName = Release;
		};
		B571086029A0AC5D003698C8 /* Build configuration list for PBXNativeTarget "VKServicesList" */ = {
			isa = XCConfigurationList;
			buildConfigurations = (
				B571086129A0AC5D003698C8 /* Debug */,
				B571086229A0AC5D003698C8 /* Release */,
			);
			defaultConfigurationIsVisible = 0;
			defaultConfigurationName = Release;
		};
/* End XCConfigurationList section */
	};
	rootObject = B571084429A0AC5C003698C8 /* Project object */;
}
